
Microsoft Visual Studio Solution File, Format Version 12.00
# Visual Studio Version 17
VisualStudioVersion = 17.3.32901.215
MinimumVisualStudioVersion = 10.0.40219.1
Project("{FAE04EC0-301F-11D3-BF4B-00C04F79EFBC}") = "Задание 1 (вариант 13)", "Задание 1 (вариант 13)\Задание 1 (вариант 13).csproj", "{D2F718E9-5616-4C55-9738-A66BA58DA746}"
EndProject
Global
	GlobalSection(SolutionConfigurationPlatforms) = preSolution
		Debug|Any CPU = Debug|Any CPU
		Release|Any CPU = Release|Any CPU
	EndGlobalSection
	GlobalSection(ProjectConfigurationPlatforms) = postSolution
		{D2F718E9-5616-4C55-9738-A66BA58DA746}.Debug|Any CPU.ActiveCfg = Debug|Any CPU
		{D2F718E9-5616-4C55-9738-A66BA58DA746}.Debug|Any CPU.Build.0 = Debug|Any CPU
		{D2F718E9-5616-4C55-9738-A66BA58DA746}.Release|Any CPU.ActiveCfg = Release|Any CPU
		{D2F718E9-5616-4C55-9738-A66BA58DA746}.Release|Any CPU.Build.0 = Release|Any CPU
	EndGlobalSection
	GlobalSection(SolutionProperties) = preSolution
		HideSolutionNode = FALSE
	EndGlobalSection
	GlobalSection(ExtensibilityGlobals) = postSolution
		SolutionGuid = {A166D0CB-1AA2-437F-ABC6-A3338D7DC348}
	EndGlobalSection
EndGlobal
